// !$*UTF8*$!
{
	archiveVersion = 1;
	classes = {
	};
	objectVersion = 50;
	objects = {

/* Begin PBXBuildFile section */
		3275E3F424C716A40030FB52 /* AppDelegate.swift in Sources */ = {isa = PBXBuildFile; fileRef = 3275E3F324C716A40030FB52 /* AppDelegate.swift */; };
		3275E3F624C716A40030FB52 /* SceneDelegate.swift in Sources */ = {isa = PBXBuildFile; fileRef = 3275E3F524C716A40030FB52 /* SceneDelegate.swift */; };
		3275E3F824C716A40030FB52 /* ViewController.swift in Sources */ = {isa = PBXBuildFile; fileRef = 3275E3F724C716A40030FB52 /* ViewController.swift */; };
		3275E3FB24C716A40030FB52 /* Main.storyboard in Resources */ = {isa = PBXBuildFile; fileRef = 3275E3F924C716A40030FB52 /* Main.storyboard */; };
		3275E3FD24C716A80030FB52 /* Assets.xcassets in Resources */ = {isa = PBXBuildFile; fileRef = 3275E3FC24C716A80030FB52 /* Assets.xcassets */; };
		3275E40024C716A80030FB52 /* LaunchScreen.storyboard in Resources */ = {isa = PBXBuildFile; fileRef = 3275E3FE24C716A80030FB52 /* LaunchScreen.storyboard */; };
		3275E40824C71EF10030FB52 /* StructsForJSON.swift in Sources */ = {isa = PBXBuildFile; fileRef = 3275E40724C71EF10030FB52 /* StructsForJSON.swift */; };
/* End PBXBuildFile section */

/* Begin PBXFileReference section */
		3275E3F024C716A40030FB52 /* pryaniki.app */ = {isa = PBXFileReference; explicitFileType = wrapper.application; includeInIndex = 0; path = pryaniki.app; sourceTree = BUILT_PRODUCTS_DIR; };
		3275E3F324C716A40030FB52 /* AppDelegate.swift */ = {isa = PBXFileReference; lastKnownFileType = sourcecode.swift; path = AppDelegate.swift; sourceTree = "<group>"; };
		3275E3F524C716A40030FB52 /* SceneDelegate.swift */ = {isa = PBXFileReference; lastKnownFileType = sourcecode.swift; path = SceneDelegate.swift; sourceTree = "<group>"; };
		3275E3F724C716A40030FB52 /* ViewController.swift */ = {isa = PBXFileReference; lastKnownFileType = sourcecode.swift; path = ViewController.swift; sourceTree = "<group>"; };
		3275E3FA24C716A40030FB52 /* Base */ = {isa = PBXFileReference; lastKnownFileType = file.storyboard; name = Base; path = Base.lproj/Main.storyboard; sourceTree = "<group>"; };
		3275E3FC24C716A80030FB52 /* Assets.xcassets */ = {isa = PBXFileReference; lastKnownFileType = folder.assetcatalog; path = Assets.xcassets; sourceTree = "<group>"; };
		3275E3FF24C716A80030FB52 /* Base */ = {isa = PBXFileReference; lastKnownFileType = file.storyboard; name = Base; path = Base.lproj/LaunchScreen.storyboard; sourceTree = "<group>"; };
		3275E40124C716A80030FB52 /* Info.plist */ = {isa = PBXFileReference; lastKnownFileType = text.plist.xml; path = Info.plist; sourceTree = "<group>"; };
		3275E40724C71EF10030FB52 /* StructsForJSON.swift */ = {isa = PBXFileReference; lastKnownFileType = sourcecode.swift; path = StructsForJSON.swift; sourceTree = "<group>"; };
/* End PBXFileReference section */

/* Begin PBXFrameworksBuildPhase section */
		3275E3ED24C716A40030FB52 /* Frameworks */ = {
			isa = PBXFrameworksBuildPhase;
			buildActionMask = 2147483647;
			files = (
			);
			runOnlyForDeploymentPostprocessing = 0;
		};
/* End PBXFrameworksBuildPhase section */

/* Begin PBXGroup section */
		3275E3E724C716A40030FB52 = {
			isa = PBXGroup;
			children = (
				3275E3F224C716A40030FB52 /* pryaniki */,
				3275E3F124C716A40030FB52 /* Products */,
			);
			sourceTree = "<group>";
		};
		3275E3F124C716A40030FB52 /* Products */ = {
			isa = PBXGroup;
			children = (
				3275E3F024C716A40030FB52 /* pryaniki.app */,
			);
			name = Products;
			sourceTree = "<group>";
		};
		3275E3F224C716A40030FB52 /* pryaniki */ = {
			isa = PBXGroup;
			children = (
				3275E3F324C716A40030FB52 /* AppDelegate.swift */,
				3275E3F524C716A40030FB52 /* SceneDelegate.swift */,
				3275E3F724C716A40030FB52 /* ViewController.swift */,
				3275E3F924C716A40030FB52 /* Main.storyboard */,
				3275E3FC24C716A80030FB52 /* Assets.xcassets */,
				3275E3FE24C716A80030FB52 /* LaunchScreen.storyboard */,
				3275E40124C716A80030FB52 /* Info.plist */,
				3275E40724C71EF10030FB52 /* StructsForJSON.swift */,
			);
			path = pryaniki;
			sourceTree = "<group>";
		};
/* End PBXGroup section */

/* Begin PBXNativeTarget section */
		3275E3EF24C716A40030FB52 /* pryaniki */ = {
			isa = PBXNativeTarget;
			buildConfigurationList = 3275E40424C716A80030FB52 /* Build configuration list for PBXNativeTarget "pryaniki" */;
			buildPhases = (
				3275E3EC24C716A40030FB52 /* Sources */,
				3275E3ED24C716A40030FB52 /* Frameworks */,
				3275E3EE24C716A40030FB52 /* Resources */,
			);
			buildRules = (
			);
			dependencies = (
			);
			name = pryaniki;
			productName = pryaniki;
			productReference = 3275E3F024C716A40030FB52 /* pryaniki.app */;
			productType = "com.apple.product-type.application";
		};
/* End PBXNativeTarget section */

/* Begin PBXProject section */
		3275E3E824C716A40030FB52 /* Project object */ = {
			isa = PBXProject;
			attributes = {
				LastSwiftUpdateCheck = 1160;
				LastUpgradeCheck = 1160;
				ORGANIZATIONNAME = "Dima Zareckiy";
				TargetAttributes = {
					3275E3EF24C716A40030FB52 = {
						CreatedOnToolsVersion = 11.6;
					};
				};
			};
			buildConfigurationList = 3275E3EB24C716A40030FB52 /* Build configuration list for PBXProject "pryaniki" */;
			compatibilityVersion = "Xcode 9.3";
			developmentRegion = en;
			hasScannedForEncodings = 0;
			knownRegions = (
				en,
				Base,
			);
			mainGroup = 3275E3E724C716A40030FB52;
			productRefGroup = 3275E3F124C716A40030FB52 /* Products */;
			projectDirPath = "";
			projectRoot = "";
			targets = (
				3275E3EF24C716A40030FB52 /* pryaniki */,
			);
		};
/* End PBXProject section */

/* Begin PBXResourcesBuildPhase section */
		3275E3EE24C716A40030FB52 /* Resources */ = {
			isa = PBXResourcesBuildPhase;
			buildActionMask = 2147483647;
			files = (
				3275E40024C716A80030FB52 /* LaunchScreen.storyboard in Resources */,
				3275E3FD24C716A80030FB52 /* Assets.xcassets in Resources */,
				3275E3FB24C716A40030FB52 /* Main.storyboard in Resources */,
			);
			runOnlyForDeploymentPostprocessing = 0;
		};
/* End PBXResourcesBuildPhase section */

/* Begin PBXSourcesBuildPhase section */
		3275E3EC24C716A40030FB52 /* Sources */ = {
			isa = PBXSourcesBuildPhase;
			buildActionMask = 2147483647;
			files = (
				3275E40824C71EF10030FB52 /* StructsForJSON.swift in Sources */,
				3275E3F824C716A40030FB52 /* ViewController.swift in Sources */,
				3275E3F424C716A40030FB52 /* AppDelegate.swift in Sources */,
				3275E3F624C716A40030FB52 /* SceneDelegate.swift in Sources */,
			);
			runOnlyForDeploymentPostprocessing = 0;
		};
/* End PBXSourcesBuildPhase section */

/* Begin PBXVariantGroup section */
		3275E3F924C716A40030FB52 /* Main.storyboard */ = {
			isa = PBXVariantGroup;
			children = (
				3275E3FA24C716A40030FB52 /* Base */,
			);
			name = Main.storyboard;
			sourceTree = "<group>";
		};
		3275E3FE24C716A80030FB52 /* LaunchScreen.storyboard */ = {
			isa = PBXVariantGroup;
			children = (
				3275E3FF24C716A80030FB52 /* Base */,
			);
			name = LaunchScreen.storyboard;
			sourceTree = "<group>";
		};
/* End PBXVariantGroup section */

/* Begin XCBuildConfiguration section */
		3275E40224C716A80030FB52 /* Debug */ = {
			isa = XCBuildConfiguration;
			buildSettings = {
				ALWAYS_SEARCH_USER_PATHS = NO;
				CLANG_ANALYZER_NONNULL = YES;
				CLANG_ANALYZER_NUMBER_OBJECT_CONVERSION = YES_AGGRESSIVE;
				CLANG_CXX_LANGUAGE_STANDARD = "gnu++14";
				CLANG_CXX_LIBRARY = "libc++";
				CLANG_ENABLE_MODULES = YES;
				CLANG_ENABLE_OBJC_ARC = YES;
				CLANG_ENABLE_OBJC_WEAK = YES;
				CLANG_WARN_BLOCK_CAPTURE_AUTORELEASING = YES;
				CLANG_WARN_BOOL_CONVERSION = YES;
				CLANG_WARN_COMMA = YES;
				CLANG_WARN_CONSTANT_CONVERSION = YES;
				CLANG_WARN_DEPRECATED_OBJC_IMPLEMENTATIONS = YES;
				CLANG_WARN_DIRECT_OBJC_ISA_USAGE = YES_ERROR;
				CLANG_WARN_DOCUMENTATION_COMMENTS = YES;
				CLANG_WARN_EMPTY_BODY = YES;
				CLANG_WARN_ENUM_CONVERSION = YES;
				CLANG_WARN_INFINITE_RECURSION = YES;
				CLANG_WARN_INT_CONVERSION = YES;
				CLANG_WARN_NON_LITERAL_NULL_CONVERSION = YES;
				CLANG_WARN_OBJC_IMPLICIT_RETAIN_SELF = YES;
				CLANG_WARN_OBJC_LITERAL_CONVERSION = YES;
				CLANG_WARN_OBJC_ROOT_CLASS = YES_ERROR;
				CLANG_WARN_RANGE_LOOP_ANALYSIS = YES;
				CLANG_WARN_STRICT_PROTOTYPES = YES;
				CLANG_WARN_SUSPICIOUS_MOVE = YES;
				CLANG_WARN_UNGUARDED_AVAILABILITY = YES_AGGRESSIVE;
				CLANG_WARN_UNREACHABLE_CODE = YES;
				CLANG_WARN__DUPLICATE_METHOD_MATCH = YES;
				COPY_PHASE_STRIP = NO;
				DEBUG_INFORMATION_FORMAT = dwarf;
				ENABLE_STRICT_OBJC_MSGSEND = YES;
				ENABLE_TESTABILITY = YES;
				GCC_C_LANGUAGE_STANDARD = gnu11;
				GCC_DYNAMIC_NO_PIC = NO;
				GCC_NO_COMMON_BLOCKS = YES;
				GCC_OPTIMIZATION_LEVEL = 0;
				GCC_PREPROCESSOR_DEFINITIONS = (
					"DEBUG=1",
					"$(inherited)",
				);
				GCC_WARN_64_TO_32_BIT_CONVERSION = YES;
				GCC_WARN_ABOUT_RETURN_TYPE = YES_ERROR;
				GCC_WARN_UNDECLARED_SELECTOR = YES;
				GCC_WARN_UNINITIALIZED_AUTOS = YES_AGGRESSIVE;
				GCC_WARN_UNUSED_FUNCTION = YES;
				GCC_WARN_UNUSED_VARIABLE = YES;
				IPHONEOS_DEPLOYMENT_TARGET = 13.6;
				MTL_ENABLE_DEBUG_INFO = INCLUDE_SOURCE;
				MTL_FAST_MATH = YES;
				ONLY_ACTIVE_ARCH = YES;
				SDKROOT = iphoneos;
				SWIFT_ACTIVE_COMPILATION_CONDITIONS = DEBUG;
				SWIFT_OPTIMIZATION_LEVEL = "-Onone";
			};
			name = Debug;
		};
		3275E40324C716A80030FB52 /* Release */ = {
			isa = XCBuildConfiguration;
			buildSettings = {
				ALWAYS_SEARCH_USER_PATHS = NO;
				CLANG_ANALYZER_NONNULL = YES;
				CLANG_ANALYZER_NUMBER_OBJECT_CONVERSION = YES_AGGRESSIVE;
				CLANG_CXX_LANGUAGE_STANDARD = "gnu++14";
				CLANG_CXX_LIBRARY = "libc++";
				CLANG_ENABLE_MODULES = YES;
				CLANG_ENABLE_OBJC_ARC = YES;
				CLANG_ENABLE_OBJC_WEAK = YES;
				CLANG_WARN_BLOCK_CAPTURE_AUTORELEASING = YES;
				CLANG_WARN_BOOL_CONVERSION = YES;
				CLANG_WARN_COMMA = YES;
				CLANG_WARN_CONSTANT_CONVERSION = YES;
				CLANG_WARN_DEPRECATED_OBJC_IMPLEMENTATIONS = YES;
				CLANG_WARN_DIRECT_OBJC_ISA_USAGE = YES_ERROR;
				CLANG_WARN_DOCUMENTATION_COMMENTS = YES;
				CLANG_WARN_EMPTY_BODY = YES;
				CLANG_WARN_ENUM_CONVERSION = YES;
				CLANG_WARN_INFINITE_RECURSION = YES;
				CLANG_WARN_INT_CONVERSION = YES;
				CLANG_WARN_NON_LITERAL_NULL_CONVERSION = YES;
				CLANG_WARN_OBJC_IMPLICIT_RETAIN_SELF = YES;
				CLANG_WARN_OBJC_LITERAL_CONVERSION = YES;
				CLANG_WARN_OBJC_ROOT_CLASS = YES_ERROR;
				CLANG_WARN_RANGE_LOOP_ANALYSIS = YES;
				CLANG_WARN_STRICT_PROTOTYPES = YES;
				CLANG_WARN_SUSPICIOUS_MOVE = YES;
				CLANG_WARN_UNGUARDED_AVAILABILITY = YES_AGGRESSIVE;
				CLANG_WARN_UNREACHABLE_CODE = YES;
				CLANG_WARN__DUPLICATE_METHOD_MATCH = YES;
				COPY_PHASE_STRIP = NO;
				DEBUG_INFORMATION_FORMAT = "dwarf-with-dsym";
				ENABLE_NS_ASSERTIONS = NO;
				ENABLE_STRICT_OBJC_MSGSEND = YES;
				GCC_C_LANGUAGE_STANDARD = gnu11;
				GCC_NO_COMMON_BLOCKS = YES;
				GCC_WARN_64_TO_32_BIT_CONVERSION = YES;
				GCC_WARN_ABOUT_RETURN_TYPE = YES_ERROR;
				GCC_WARN_UNDECLARED_SELECTOR = YES;
				GCC_WARN_UNINITIALIZED_AUTOS = YES_AGGRESSIVE;
				GCC_WARN_UNUSED_FUNCTION = YES;
				GCC_WARN_UNUSED_VARIABLE = YES;
				IPHONEOS_DEPLOYMENT_TARGET = 13.6;
				MTL_ENABLE_DEBUG_INFO = NO;
				MTL_FAST_MATH = YES;
				SDKROOT = iphoneos;
				SWIFT_COMPILATION_MODE = wholemodule;
				SWIFT_OPTIMIZATION_LEVEL = "-O";
				VALIDATE_PRODUCT = YES;
			};
			name = Release;
		};
		3275E40524C716A80030FB52 /* Debug */ = {
			isa = XCBuildConfiguration;
			buildSettings = {
				ASSETCATALOG_COMPILER_APPICON_NAME = AppIcon;
				CODE_SIGN_STYLE = Automatic;
				INFOPLIST_FILE = pryaniki/Info.plist;
				LD_RUNPATH_SEARCH_PATHS = (
					"$(inherited)",
					"@executable_path/Frameworks",
				);
				PRODUCT_BUNDLE_IDENTIFIER = home.pryaniki;
				PRODUCT_NAME = "$(TARGET_NAME)";
				SWIFT_VERSION = 5.0;
				TARGETED_DEVICE_FAMILY = "1,2";
			};
			name = Debug;
		};
		3275E40624C716A80030FB52 /* Release */ = {
			isa = XCBuildConfiguration;
			buildSettings = {
				ASSETCATALOG_COMPILER_APPICON_NAME = AppIcon;
				CODE_SIGN_STYLE = Automatic;
				INFOPLIST_FILE = pryaniki/Info.plist;
				LD_RUNPATH_SEARCH_PATHS = (
					"$(inherited)",
					"@executable_path/Frameworks",
				);
				PRODUCT_BUNDLE_IDENTIFIER = home.pryaniki;
				PRODUCT_NAME = "$(TARGET_NAME)";
				SWIFT_VERSION = 5.0;
				TARGETED_DEVICE_FAMILY = "1,2";
			};
			name = Release;
		};
/* End XCBuildConfiguration section */

/* Begin XCConfigurationList section */
		3275E3EB24C716A40030FB52 /* Build configuration list for PBXProject "pryaniki" */ = {
			isa = XCConfigurationList;
			buildConfigurations = (
				3275E40224C716A80030FB52 /* Debug */,
				3275E40324C716A80030FB52 /* Release */,
			);
			defaultConfigurationIsVisible = 0;
			defaultConfigurationName = Release;
		};
		3275E40424C716A80030FB52 /* Build configuration list for PBXNativeTarget "pryaniki" */ = {
			isa = XCConfigurationList;
			buildConfigurations = (
				3275E40524C716A80030FB52 /* Debug */,
				3275E40624C716A80030FB52 /* Release */,
			);
			defaultConfigurationIsVisible = 0;
			defaultConfigurationName = Release;
		};
/* End XCConfigurationList section */
	};
	rootObject = 3275E3E824C716A40030FB52 /* Project object */;
}
